// !$*UTF8*$!
{
	archiveVersion = 1;
	classes = {
	};
	objectVersion = 77;
	objects = {

/* Begin PBXBuildFile section */
		02A3C4B4F13DB0E1596E9154 /* PreviewServices.swift in Sources */ = {isa = PBXBuildFile; fileRef = B0D8EB10CF6046D391777EE6 /* PreviewServices.swift */; };
		040E4C906C200000D22D8CD1 /* MusicLibraryService.swift in Sources */ = {isa = PBXBuildFile; fileRef = 63027A09A8ACB0E86EF9F231 /* MusicLibraryService.swift */; };
		16BECD34D0485EC75A072B54 /* DetailViewModel.swift in Sources */ = {isa = PBXBuildFile; fileRef = C474B071A04D0C942259E90B /* DetailViewModel.swift */; };
		1D0567BD03E69F28C9FDA69F /* MusicCatalogService.swift in Sources */ = {isa = PBXBuildFile; fileRef = 2F6E07071D2904A2B5D19F9F /* MusicCatalogService.swift */; };
		1E2E6DDF762734B442B782E6 /* PlaybackSessionTests.swift in Sources */ = {isa = PBXBuildFile; fileRef = 8791020DF59D1EB65F6F98B7 /* PlaybackSessionTests.swift */; };
		200E995AC023797346DC1DD3 /* HumTrack.swift in Sources */ = {isa = PBXBuildFile; fileRef = 380983D9EA70B75ECFA87F39 /* HumTrack.swift */; };
		20E471D373CAFCBFE6FDC969 /* Spacing.swift in Sources */ = {isa = PBXBuildFile; fileRef = 6E913401B4B21C8A9B79D715 /* Spacing.swift */; };
		25212604BCD55337F7395DFF /* DetailView.swift in Sources */ = {isa = PBXBuildFile; fileRef = 7E821EFBCC1341015B733561 /* DetailView.swift */; };
		2A261AB282EED63FBAD95D4F /* NowPlayingView.swift in Sources */ = {isa = PBXBuildFile; fileRef = CB835F41C36E619AEB29106E /* NowPlayingView.swift */; };
		2C725A8E133F303E18249C62 /* HomeViewModel.swift in Sources */ = {isa = PBXBuildFile; fileRef = 94325A313FB1CC0FE850BD7F /* HomeViewModel.swift */; };
		341F35889AFA0F74DE8AC17F /* HumError.swift in Sources */ = {isa = PBXBuildFile; fileRef = 70E73DED47CE5781BF7ED294 /* HumError.swift */; };
		3F111AB5E5C3581B8D96741F /* MusicKitSubscriptionAdapter.swift in Sources */ = {isa = PBXBuildFile; fileRef = 99C2357D111851F94CA0F380 /* MusicKitSubscriptionAdapter.swift */; };
		3FB6A6232D0EC54DD5617442 /* SubscriptionService.swift in Sources */ = {isa = PBXBuildFile; fileRef = 8A128F48DEEAA6DFFF41F21C /* SubscriptionService.swift */; };
		4EBF3F2A00557C9045A358E8 /* SubscriptionReducer.swift in Sources */ = {isa = PBXBuildFile; fileRef = C464AD378944295B4B04B405 /* SubscriptionReducer.swift */; };
		590B5F818A3CEF9F23D22504 /* HumIcons.swift in Sources */ = {isa = PBXBuildFile; fileRef = A8E2C000CE338B84C7364907 /* HumIcons.swift */; };
		5BA0093B6BE5520FB3B81F23 /* QueueView.swift in Sources */ = {isa = PBXBuildFile; fileRef = 81E59E95295945D6DB192484 /* QueueView.swift */; };
		5CD17B8F6D1A9A66E19ABC1C /* SystemAudioControls.swift in Sources */ = {isa = PBXBuildFile; fileRef = 1B6A687CF3CFC0E020BE6AED /* SystemAudioControls.swift */; };
		6488DC7D1E4B75781CE98BA0 /* AuthViewModel.swift in Sources */ = {isa = PBXBuildFile; fileRef = 1E4B5298B55BEAA49822AC01 /* AuthViewModel.swift */; };
		69EB77B465D292DB5AEF6BAD /* MusicKitLibraryAdapter.swift in Sources */ = {isa = PBXBuildFile; fileRef = 0A79831AF0059BDD39A8AEFE /* MusicKitLibraryAdapter.swift */; };
		6A7716D602BF2F239140A1B2 /* Motion.swift in Sources */ = {isa = PBXBuildFile; fileRef = EB0281C517D1566178F0F91F /* Motion.swift */; };
		6B765015BD0BFBC383487F7A /* ArtworkView.swift in Sources */ = {isa = PBXBuildFile; fileRef = C0B86C1BF507BED8800A9CDC /* ArtworkView.swift */; };
		6BCCCC6AB0110D7931A600F9 /* SettingsView.swift in Sources */ = {isa = PBXBuildFile; fileRef = 89BA15EE1D8994D0FB57EC20 /* SettingsView.swift */; };
		6ED01D8F95C7AF7516C3BC9B /* HumApp.swift in Sources */ = {isa = PBXBuildFile; fileRef = 531D331798C6591350665AAF /* HumApp.swift */; };
		70444D94CE77F242E3CBF716 /* QueueState.swift in Sources */ = {isa = PBXBuildFile; fileRef = D1F4B3E089681FB7C9B7E08E /* QueueState.swift */; };
		71175B1A6BA556620523E018 /* Typography.swift in Sources */ = {isa = PBXBuildFile; fileRef = 49C3EBE417A36FD4B37EECF4 /* Typography.swift */; };
		7261C379952A49DDB9B24C04 /* HumButtons.swift in Sources */ = {isa = PBXBuildFile; fileRef = E84CB373A76311155C739767 /* HumButtons.swift */; };
		780A2D02BF39AD5FA2E272AE /* PlaybackState.swift in Sources */ = {isa = PBXBuildFile; fileRef = A5FA5F0EDF3CCABE907CFE2C /* PlaybackState.swift */; };
		795DD7F0099E051BED3824B9 /* MusicKitAuthorizationAdapter.swift in Sources */ = {isa = PBXBuildFile; fileRef = B9B1CF1CC893A2EA3A852694 /* MusicKitAuthorizationAdapter.swift */; };
		8092D20353E3D9D614F072F3 /* Palette.swift in Sources */ = {isa = PBXBuildFile; fileRef = A90ECF4BF3CD0F4DA159A112 /* Palette.swift */; };
		8CABF044C22F85F7375F6F14 /* AuthState.swift in Sources */ = {isa = PBXBuildFile; fileRef = F25748969B29ADFC9F98D87F /* AuthState.swift */; };
		8DAF98A39192BB5CE1C8D8B7 /* GlassSurface.swift in Sources */ = {isa = PBXBuildFile; fileRef = 062CE7B0F760EAAFC70C508D /* GlassSurface.swift */; };
		8DB9472CAA48F107F0C7B13D /* MusicAuthorizationService.swift in Sources */ = {isa = PBXBuildFile; fileRef = AE879310BAEEAC6F5FCA81EE /* MusicAuthorizationService.swift */; };
		8FA462CEA62108049BF1E27F /* MusicKitMapping.swift in Sources */ = {isa = PBXBuildFile; fileRef = 6C907FCAAC79B68F2A33B1E4 /* MusicKitMapping.swift */; };
		94C28518BFF99BD91D45FA25 /* AuthReducer.swift in Sources */ = {isa = PBXBuildFile; fileRef = 0A41BF096D3046001453C9CB /* AuthReducer.swift */; };
		96F6F04CB3D84E96DC43E3AB /* MusicKitCatalogAdapter.swift in Sources */ = {isa = PBXBuildFile; fileRef = 349BDABB80265684106334FB /* MusicKitCatalogAdapter.swift */; };
		9F63409F5E9667BD175A4447 /* HomeView.swift in Sources */ = {isa = PBXBuildFile; fileRef = 27CAE596549CB2C0DE206C77 /* HomeView.swift */; };
		AAE51FEC164618A758BF8936 /* TrackRow.swift in Sources */ = {isa = PBXBuildFile; fileRef = 5F43A793DAB7011A873AF437 /* TrackRow.swift */; };
		AF71E00E89E7F1A293B64D5A /* FakeServices.swift in Sources */ = {isa = PBXBuildFile; fileRef = DFC0CF7BA428150D3F67CFCF /* FakeServices.swift */; };
		B8437E5A55E961D11663128C /* PlayerBar.swift in Sources */ = {isa = PBXBuildFile; fileRef = 000D8EF28E6A6713F50C48AB /* PlayerBar.swift */; };
		BC01BB731C51BEA3495C2080 /* SubscriptionGapView.swift in Sources */ = {isa = PBXBuildFile; fileRef = EC921709F5496D20D174F946 /* SubscriptionGapView.swift */; };
		BC4BC16E25C97706C493F1A6 /* QueueReducer.swift in Sources */ = {isa = PBXBuildFile; fileRef = DABAA15E95222695B69E39E4 /* QueueReducer.swift */; };
		BCEF24214DD10A7EC29BAF16 /* SubscriptionGateTests.swift in Sources */ = {isa = PBXBuildFile; fileRef = AF1FE88CFE06EF13EB008FFF /* SubscriptionGateTests.swift */; };
		BD9238D0ED09C342B1BD7FE4 /* PlaybackService.swift in Sources */ = {isa = PBXBuildFile; fileRef = 1141120B45A703C1C961DDCE /* PlaybackService.swift */; };
		BE1D1CCC693F3B1FD30D6142 /* SubscriptionState.swift in Sources */ = {isa = PBXBuildFile; fileRef = 0C81D823E4C18BD7C8AB6713 /* SubscriptionState.swift */; };
		C48D7F472CB5F229ECD6DCE2 /* AuthViewModelTests.swift in Sources */ = {isa = PBXBuildFile; fileRef = A8A0E193FE51DFEE2B73E88E /* AuthViewModelTests.swift */; };
		CBF3FE43457151CCC3042A5D /* LibraryView.swift in Sources */ = {isa = PBXBuildFile; fileRef = 883507AC0A7B437C313BF49C /* LibraryView.swift */; };
		D067410226E1093EE89493DE /* HumCollection.swift in Sources */ = {isa = PBXBuildFile; fileRef = CDDD026C38F425616F2CEACA /* HumCollection.swift */; };
		D41023C952DB4168D9512D8A /* Assets.xcassets in Resources */ = {isa = PBXBuildFile; fileRef = BAF0A490B6FA9FDE59C589FC /* Assets.xcassets */; };
		D43F6080629D67315290EBEF /* TimeFormatting.swift in Sources */ = {isa = PBXBuildFile; fileRef = 080B76DCF9E15AA85FCA7485 /* TimeFormatting.swift */; };
		D83F002012A0D79DFE4CA36B /* SearchView.swift in Sources */ = {isa = PBXBuildFile; fileRef = 1CAF61EB1B7D833875CD880F /* SearchView.swift */; };
		DA7DC0E52711F9DF0AD15259 /* AppEnvironment.swift in Sources */ = {isa = PBXBuildFile; fileRef = ED09629122A79CB1AF21B048 /* AppEnvironment.swift */; };
		DB4676C830EA0461E91681E6 /* ApplicationMusicPlayerAdapter.swift in Sources */ = {isa = PBXBuildFile; fileRef = 7E0BC959B56D85B113098655 /* ApplicationMusicPlayerAdapter.swift */; };
		DC2D706EFBA87F80192821B2 /* EmptyStateView.swift in Sources */ = {isa = PBXBuildFile; fileRef = 12989FA662F729A59C3F48DB /* EmptyStateView.swift */; };
		DCC1DD6A0C09BE3844554EF8 /* QueueReducerTests.swift in Sources */ = {isa = PBXBuildFile; fileRef = F8E7E6052CBC9AC93E474095 /* QueueReducerTests.swift */; };
		DCD0D2FE0815D4E5064E010F /* RootGateView.swift in Sources */ = {isa = PBXBuildFile; fileRef = 3168CC44A6D284987AC2E55C /* RootGateView.swift */; };
		E692196225B6A4A9FC718391 /* SubscriptionOfferAdapter.swift in Sources */ = {isa = PBXBuildFile; fileRef = 11540B776084F538020586CE /* SubscriptionOfferAdapter.swift */; };
		ED8122B999AD5C7F51B89162 /* ContentSource.swift in Sources */ = {isa = PBXBuildFile; fileRef = 8DBEF1023DC2D547EF2E74EB /* ContentSource.swift */; };
		EEF17378B688EACEEC1025D0 /* ConnectView.swift in Sources */ = {isa = PBXBuildFile; fileRef = C0A3E733350088271A151CAD /* ConnectView.swift */; };
		F22866686297767E134132C4 /* RootTabView.swift in Sources */ = {isa = PBXBuildFile; fileRef = 6CB6044460B408251BAC0396 /* RootTabView.swift */; };
		F41BB718F3BE34C92187DB64 /* AuthReducerTests.swift in Sources */ = {isa = PBXBuildFile; fileRef = 87E3D5BDBE51949BF1CEE9D8 /* AuthReducerTests.swift */; };
		F725BF2A08BB10524D2638AC /* PlayerViewModel.swift in Sources */ = {isa = PBXBuildFile; fileRef = 1561889AD3FA3C48D8D4708E /* PlayerViewModel.swift */; };
		FD3A670F65BD773526F0EFE9 /* SubscriptionReducerTests.swift in Sources */ = {isa = PBXBuildFile; fileRef = 5297D21CBD08E76BE20E7825 /* SubscriptionReducerTests.swift */; };
/* End PBXBuildFile section */

/* Begin PBXContainerItemProxy section */
		A5DDF58FE519258EBB5D7518 /* PBXContainerItemProxy */ = {
			isa = PBXContainerItemProxy;
			containerPortal = 5F3950D01F218EDD18D961AA /* Project object */;
			proxyType = 1;
			remoteGlobalIDString = 96CDAA50EFF0BD557C4FF6CA;
			remoteInfo = Hum;
		};
/* End PBXContainerItemProxy section */

/* Begin PBXFileReference section */
		000D8EF28E6A6713F50C48AB /* PlayerBar.swift */ = {isa = PBXFileReference; lastKnownFileType = sourcecode.swift; path = PlayerBar.swift; sourceTree = "<group>"; };
		043A0D2ABA7AB095399FEF08 /* HumTests.xctest */ = {isa = PBXFileReference; includeInIndex = 0; lastKnownFileType = wrapper.cfbundle; path = HumTests.xctest; sourceTree = BUILT_PRODUCTS_DIR; };
		062CE7B0F760EAAFC70C508D /* GlassSurface.swift */ = {isa = PBXFileReference; lastKnownFileType = sourcecode.swift; path = GlassSurface.swift; sourceTree = "<group>"; };
		080B76DCF9E15AA85FCA7485 /* TimeFormatting.swift */ = {isa = PBXFileReference; lastKnownFileType = sourcecode.swift; path = TimeFormatting.swift; sourceTree = "<group>"; };
		0A41BF096D3046001453C9CB /* AuthReducer.swift */ = {isa = PBXFileReference; lastKnownFileType = sourcecode.swift; path = AuthReducer.swift; sourceTree = "<group>"; };
		0A79831AF0059BDD39A8AEFE /* MusicKitLibraryAdapter.swift */ = {isa = PBXFileReference; lastKnownFileType = sourcecode.swift; path = MusicKitLibraryAdapter.swift; sourceTree = "<group>"; };
		0C81D823E4C18BD7C8AB6713 /* SubscriptionState.swift */ = {isa = PBXFileReference; lastKnownFileType = sourcecode.swift; path = SubscriptionState.swift; sourceTree = "<group>"; };
		1141120B45A703C1C961DDCE /* PlaybackService.swift */ = {isa = PBXFileReference; lastKnownFileType = sourcecode.swift; path = PlaybackService.swift; sourceTree = "<group>"; };
		11540B776084F538020586CE /* SubscriptionOfferAdapter.swift */ = {isa = PBXFileReference; lastKnownFileType = sourcecode.swift; path = SubscriptionOfferAdapter.swift; sourceTree = "<group>"; };
		12989FA662F729A59C3F48DB /* EmptyStateView.swift */ = {isa = PBXFileReference; lastKnownFileType = sourcecode.swift; path = EmptyStateView.swift; sourceTree = "<group>"; };
		1561889AD3FA3C48D8D4708E /* PlayerViewModel.swift */ = {isa = PBXFileReference; lastKnownFileType = sourcecode.swift; path = PlayerViewModel.swift; sourceTree = "<group>"; };
		1B6A687CF3CFC0E020BE6AED /* SystemAudioControls.swift */ = {isa = PBXFileReference; lastKnownFileType = sourcecode.swift; path = SystemAudioControls.swift; sourceTree = "<group>"; };
		1CAF61EB1B7D833875CD880F /* SearchView.swift */ = {isa = PBXFileReference; lastKnownFileType = sourcecode.swift; path = SearchView.swift; sourceTree = "<group>"; };
		1E4B5298B55BEAA49822AC01 /* AuthViewModel.swift */ = {isa = PBXFileReference; lastKnownFileType = sourcecode.swift; path = AuthViewModel.swift; sourceTree = "<group>"; };
		27CAE596549CB2C0DE206C77 /* HomeView.swift */ = {isa = PBXFileReference; lastKnownFileType = sourcecode.swift; path = HomeView.swift; sourceTree = "<group>"; };
		2F6E07071D2904A2B5D19F9F /* MusicCatalogService.swift */ = {isa = PBXFileReference; lastKnownFileType = sourcecode.swift; path = MusicCatalogService.swift; sourceTree = "<group>"; };
		303E43A4A02BCD68126EEBF4 /* Hum.app */ = {isa = PBXFileReference; includeInIndex = 0; lastKnownFileType = wrapper.application; path = Hum.app; sourceTree = BUILT_PRODUCTS_DIR; };
		3168CC44A6D284987AC2E55C /* RootGateView.swift */ = {isa = PBXFileReference; lastKnownFileType = sourcecode.swift; path = RootGateView.swift; sourceTree = "<group>"; };
		349BDABB80265684106334FB /* MusicKitCatalogAdapter.swift */ = {isa = PBXFileReference; lastKnownFileType = sourcecode.swift; path = MusicKitCatalogAdapter.swift; sourceTree = "<group>"; };
		3786ECA0B2BDA38DAD2E6446 /* Hum.entitlements */ = {isa = PBXFileReference; lastKnownFileType = text.plist.entitlements; path = Hum.entitlements; sourceTree = "<group>"; };
		380983D9EA70B75ECFA87F39 /* HumTrack.swift */ = {isa = PBXFileReference; lastKnownFileType = sourcecode.swift; path = HumTrack.swift; sourceTree = "<group>"; };
		49C3EBE417A36FD4B37EECF4 /* Typography.swift */ = {isa = PBXFileReference; lastKnownFileType = sourcecode.swift; path = Typography.swift; sourceTree = "<group>"; };
		5297D21CBD08E76BE20E7825 /* SubscriptionReducerTests.swift */ = {isa = PBXFileReference; lastKnownFileType = sourcecode.swift; path = SubscriptionReducerTests.swift; sourceTree = "<group>"; };
		531D331798C6591350665AAF /* HumApp.swift */ = {isa = PBXFileReference; lastKnownFileType = sourcecode.swift; path = HumApp.swift; sourceTree = "<group>"; };
		5F43A793DAB7011A873AF437 /* TrackRow.swift */ = {isa = PBXFileReference; lastKnownFileType = sourcecode.swift; path = TrackRow.swift; sourceTree = "<group>"; };
		63027A09A8ACB0E86EF9F231 /* MusicLibraryService.swift */ = {isa = PBXFileReference; lastKnownFileType = sourcecode.swift; path = MusicLibraryService.swift; sourceTree = "<group>"; };
		6C907FCAAC79B68F2A33B1E4 /* MusicKitMapping.swift */ = {isa = PBXFileReference; lastKnownFileType = sourcecode.swift; path = MusicKitMapping.swift; sourceTree = "<group>"; };
		6CB6044460B408251BAC0396 /* RootTabView.swift */ = {isa = PBXFileReference; lastKnownFileType = sourcecode.swift; path = RootTabView.swift; sourceTree = "<group>"; };
		6E913401B4B21C8A9B79D715 /* Spacing.swift */ = {isa = PBXFileReference; lastKnownFileType = sourcecode.swift; path = Spacing.swift; sourceTree = "<group>"; };
		70E73DED47CE5781BF7ED294 /* HumError.swift */ = {isa = PBXFileReference; lastKnownFileType = sourcecode.swift; path = HumError.swift; sourceTree = "<group>"; };
		7E0BC959B56D85B113098655 /* ApplicationMusicPlayerAdapter.swift */ = {isa = PBXFileReference; lastKnownFileType = sourcecode.swift; path = ApplicationMusicPlayerAdapter.swift; sourceTree = "<group>"; };
		7E821EFBCC1341015B733561 /* DetailView.swift */ = {isa = PBXFileReference; lastKnownFileType = sourcecode.swift; path = DetailView.swift; sourceTree = "<group>"; };
		81E59E95295945D6DB192484 /* QueueView.swift */ = {isa = PBXFileReference; lastKnownFileType = sourcecode.swift; path = QueueView.swift; sourceTree = "<group>"; };
		8791020DF59D1EB65F6F98B7 /* PlaybackSessionTests.swift */ = {isa = PBXFileReference; lastKnownFileType = sourcecode.swift; path = PlaybackSessionTests.swift; sourceTree = "<group>"; };
		87E3D5BDBE51949BF1CEE9D8 /* AuthReducerTests.swift */ = {isa = PBXFileReference; lastKnownFileType = sourcecode.swift; path = AuthReducerTests.swift; sourceTree = "<group>"; };
		883507AC0A7B437C313BF49C /* LibraryView.swift */ = {isa = PBXFileReference; lastKnownFileType = sourcecode.swift; path = LibraryView.swift; sourceTree = "<group>"; };
		89BA15EE1D8994D0FB57EC20 /* SettingsView.swift */ = {isa = PBXFileReference; lastKnownFileType = sourcecode.swift; path = SettingsView.swift; sourceTree = "<group>"; };
		8A128F48DEEAA6DFFF41F21C /* SubscriptionService.swift */ = {isa = PBXFileReference; lastKnownFileType = sourcecode.swift; path = SubscriptionService.swift; sourceTree = "<group>"; };
		8DBEF1023DC2D547EF2E74EB /* ContentSource.swift */ = {isa = PBXFileReference; lastKnownFileType = sourcecode.swift; path = ContentSource.swift; sourceTree = "<group>"; };
		94325A313FB1CC0FE850BD7F /* HomeViewModel.swift */ = {isa = PBXFileReference; lastKnownFileType = sourcecode.swift; path = HomeViewModel.swift; sourceTree = "<group>"; };
		99C2357D111851F94CA0F380 /* MusicKitSubscriptionAdapter.swift */ = {isa = PBXFileReference; lastKnownFileType = sourcecode.swift; path = MusicKitSubscriptionAdapter.swift; sourceTree = "<group>"; };
		A5FA5F0EDF3CCABE907CFE2C /* PlaybackState.swift */ = {isa = PBXFileReference; lastKnownFileType = sourcecode.swift; path = PlaybackState.swift; sourceTree = "<group>"; };
		A8A0E193FE51DFEE2B73E88E /* AuthViewModelTests.swift */ = {isa = PBXFileReference; lastKnownFileType = sourcecode.swift; path = AuthViewModelTests.swift; sourceTree = "<group>"; };
		A8E2C000CE338B84C7364907 /* HumIcons.swift */ = {isa = PBXFileReference; lastKnownFileType = sourcecode.swift; path = HumIcons.swift; sourceTree = "<group>"; };
		A90ECF4BF3CD0F4DA159A112 /* Palette.swift */ = {isa = PBXFileReference; lastKnownFileType = sourcecode.swift; path = Palette.swift; sourceTree = "<group>"; };
		ACC650C525DF0D364CFF61F2 /* Info.plist */ = {isa = PBXFileReference; lastKnownFileType = text.plist; path = Info.plist; sourceTree = "<group>"; };
		AE879310BAEEAC6F5FCA81EE /* MusicAuthorizationService.swift */ = {isa = PBXFileReference; lastKnownFileType = sourcecode.swift; path = MusicAuthorizationService.swift; sourceTree = "<group>"; };
		AF1FE88CFE06EF13EB008FFF /* SubscriptionGateTests.swift */ = {isa = PBXFileReference; lastKnownFileType = sourcecode.swift; path = SubscriptionGateTests.swift; sourceTree = "<group>"; };
		B0D8EB10CF6046D391777EE6 /* PreviewServices.swift */ = {isa = PBXFileReference; lastKnownFileType = sourcecode.swift; path = PreviewServices.swift; sourceTree = "<group>"; };
		B9B1CF1CC893A2EA3A852694 /* MusicKitAuthorizationAdapter.swift */ = {isa = PBXFileReference; lastKnownFileType = sourcecode.swift; path = MusicKitAuthorizationAdapter.swift; sourceTree = "<group>"; };
		BAF0A490B6FA9FDE59C589FC /* Assets.xcassets */ = {isa = PBXFileReference; lastKnownFileType = folder.assetcatalog; path = Assets.xcassets; sourceTree = "<group>"; };
		C0A3E733350088271A151CAD /* ConnectView.swift */ = {isa = PBXFileReference; lastKnownFileType = sourcecode.swift; path = ConnectView.swift; sourceTree = "<group>"; };
		C0B86C1BF507BED8800A9CDC /* ArtworkView.swift */ = {isa = PBXFileReference; lastKnownFileType = sourcecode.swift; path = ArtworkView.swift; sourceTree = "<group>"; };
		C464AD378944295B4B04B405 /* SubscriptionReducer.swift */ = {isa = PBXFileReference; lastKnownFileType = sourcecode.swift; path = SubscriptionReducer.swift; sourceTree = "<group>"; };
		C474B071A04D0C942259E90B /* DetailViewModel.swift */ = {isa = PBXFileReference; lastKnownFileType = sourcecode.swift; path = DetailViewModel.swift; sourceTree = "<group>"; };
		CB835F41C36E619AEB29106E /* NowPlayingView.swift */ = {isa = PBXFileReference; lastKnownFileType = sourcecode.swift; path = NowPlayingView.swift; sourceTree = "<group>"; };
		CDDD026C38F425616F2CEACA /* HumCollection.swift */ = {isa = PBXFileReference; lastKnownFileType = sourcecode.swift; path = HumCollection.swift; sourceTree = "<group>"; };
		D1F4B3E089681FB7C9B7E08E /* QueueState.swift */ = {isa = PBXFileReference; lastKnownFileType = sourcecode.swift; path = QueueState.swift; sourceTree = "<group>"; };
		DABAA15E95222695B69E39E4 /* QueueReducer.swift */ = {isa = PBXFileReference; lastKnownFileType = sourcecode.swift; path = QueueReducer.swift; sourceTree = "<group>"; };
		DFC0CF7BA428150D3F67CFCF /* FakeServices.swift */ = {isa = PBXFileReference; lastKnownFileType = sourcecode.swift; path = FakeServices.swift; sourceTree = "<group>"; };
		E69B3A91E5510DF6ED207AED /* Signing.xcconfig */ = {isa = PBXFileReference; lastKnownFileType = text.xcconfig; path = Signing.xcconfig; sourceTree = "<group>"; };
		E84CB373A76311155C739767 /* HumButtons.swift */ = {isa = PBXFileReference; lastKnownFileType = sourcecode.swift; path = HumButtons.swift; sourceTree = "<group>"; };
		EB0281C517D1566178F0F91F /* Motion.swift */ = {isa = PBXFileReference; lastKnownFileType = sourcecode.swift; path = Motion.swift; sourceTree = "<group>"; };
		EC921709F5496D20D174F946 /* SubscriptionGapView.swift */ = {isa = PBXFileReference; lastKnownFileType = sourcecode.swift; path = SubscriptionGapView.swift; sourceTree = "<group>"; };
		ED09629122A79CB1AF21B048 /* AppEnvironment.swift */ = {isa = PBXFileReference; lastKnownFileType = sourcecode.swift; path = AppEnvironment.swift; sourceTree = "<group>"; };
		F25748969B29ADFC9F98D87F /* AuthState.swift */ = {isa = PBXFileReference; lastKnownFileType = sourcecode.swift; path = AuthState.swift; sourceTree = "<group>"; };
		F8E7E6052CBC9AC93E474095 /* QueueReducerTests.swift */ = {isa = PBXFileReference; lastKnownFileType = sourcecode.swift; path = QueueReducerTests.swift; sourceTree = "<group>"; };
/* End PBXFileReference section */

/* Begin PBXGroup section */
		18B33C3A5178C17CE0252257 /* HumTests */ = {
			isa = PBXGroup;
			children = (
				C74099FD9D6E51DA11F5E313 /* Fakes */,
				87E3D5BDBE51949BF1CEE9D8 /* AuthReducerTests.swift */,
				A8A0E193FE51DFEE2B73E88E /* AuthViewModelTests.swift */,
				8791020DF59D1EB65F6F98B7 /* PlaybackSessionTests.swift */,
				F8E7E6052CBC9AC93E474095 /* QueueReducerTests.swift */,
				AF1FE88CFE06EF13EB008FFF /* SubscriptionGateTests.swift */,
				5297D21CBD08E76BE20E7825 /* SubscriptionReducerTests.swift */,
			);
			path = HumTests;
			sourceTree = "<group>";
		};
		2466CBFA7F6058B855E105FB /* Config */ = {
			isa = PBXGroup;
			children = (
				E69B3A91E5510DF6ED207AED /* Signing.xcconfig */,
			);
			path = Config;
			sourceTree = "<group>";
		};
		2992AC139DADF46310D52899 /* Detail */ = {
			isa = PBXGroup;
			children = (
				7E821EFBCC1341015B733561 /* DetailView.swift */,
				C474B071A04D0C942259E90B /* DetailViewModel.swift */,
			);
			path = Detail;
			sourceTree = "<group>";
		};
		29D56469BE5BD99BC98C480E /* Products */ = {
			isa = PBXGroup;
			children = (
				303E43A4A02BCD68126EEBF4 /* Hum.app */,
				043A0D2ABA7AB095399FEF08 /* HumTests.xctest */,
			);
			name = Products;
			sourceTree = "<group>";
		};
		2D5E13F15C164178AB976FDC /* Resources */ = {
			isa = PBXGroup;
			children = (
				BAF0A490B6FA9FDE59C589FC /* Assets.xcassets */,
			);
			path = Resources;
			sourceTree = "<group>";
		};
		2E46796A8158D6DC3358A1C6 /* Connect */ = {
			isa = PBXGroup;
			children = (
				1E4B5298B55BEAA49822AC01 /* AuthViewModel.swift */,
				C0A3E733350088271A151CAD /* ConnectView.swift */,
				EC921709F5496D20D174F946 /* SubscriptionGapView.swift */,
			);
			path = Connect;
			sourceTree = "<group>";
		};
		2E774237E20B9DE6B32251F8 /* Search */ = {
			isa = PBXGroup;
			children = (
				1CAF61EB1B7D833875CD880F /* SearchView.swift */,
			);
			path = Search;
			sourceTree = "<group>";
		};
		3F315EA9F7ACB82ED475CE76 /* Services */ = {
			isa = PBXGroup;
			children = (
				A53A049C9F7FA6E37B926085 /* Adapters */,
				F887F123D926F71C75F38777 /* Preview */,
				AE879310BAEEAC6F5FCA81EE /* MusicAuthorizationService.swift */,
				2F6E07071D2904A2B5D19F9F /* MusicCatalogService.swift */,
				63027A09A8ACB0E86EF9F231 /* MusicLibraryService.swift */,
				1141120B45A703C1C961DDCE /* PlaybackService.swift */,
				8A128F48DEEAA6DFFF41F21C /* SubscriptionService.swift */,
			);
			path = Services;
			sourceTree = "<group>";
		};
		5713B7BBE1B7751A0C8692FC /* Domain */ = {
			isa = PBXGroup;
			children = (
				F25748969B29ADFC9F98D87F /* AuthState.swift */,
				8DBEF1023DC2D547EF2E74EB /* ContentSource.swift */,
				CDDD026C38F425616F2CEACA /* HumCollection.swift */,
				70E73DED47CE5781BF7ED294 /* HumError.swift */,
				380983D9EA70B75ECFA87F39 /* HumTrack.swift */,
				A5FA5F0EDF3CCABE907CFE2C /* PlaybackState.swift */,
				D1F4B3E089681FB7C9B7E08E /* QueueState.swift */,
				0C81D823E4C18BD7C8AB6713 /* SubscriptionState.swift */,
			);
			path = Domain;
			sourceTree = "<group>";
		};
		5C1266F0C3C85D73FD125F37 /* Home */ = {
			isa = PBXGroup;
			children = (
				27CAE596549CB2C0DE206C77 /* HomeView.swift */,
				94325A313FB1CC0FE850BD7F /* HomeViewModel.swift */,
			);
			path = Home;
			sourceTree = "<group>";
		};
		5DD1BC51EAE231D9678DB63A /* Hum */ = {
			isa = PBXGroup;
			children = (
				85AB885FB00FEBF2A193FE18 /* DesignSystem */,
				5713B7BBE1B7751A0C8692FC /* Domain */,
				D4034E1999852952D23B0BE9 /* Features */,
				86E36787672DB4E7175A232D /* Reducers */,
				2D5E13F15C164178AB976FDC /* Resources */,
				3F315EA9F7ACB82ED475CE76 /* Services */,
				ED09629122A79CB1AF21B048 /* AppEnvironment.swift */,
				3786ECA0B2BDA38DAD2E6446 /* Hum.entitlements */,
				531D331798C6591350665AAF /* HumApp.swift */,
				ACC650C525DF0D364CFF61F2 /* Info.plist */,
			);
			path = Hum;
			sourceTree = "<group>";
		};
		83731BEDB56C7F6BE9854287 /* Components */ = {
			isa = PBXGroup;
			children = (
				C0B86C1BF507BED8800A9CDC /* ArtworkView.swift */,
				12989FA662F729A59C3F48DB /* EmptyStateView.swift */,
				E84CB373A76311155C739767 /* HumButtons.swift */,
				000D8EF28E6A6713F50C48AB /* PlayerBar.swift */,
				080B76DCF9E15AA85FCA7485 /* TimeFormatting.swift */,
				5F43A793DAB7011A873AF437 /* TrackRow.swift */,
			);
			path = Components;
			sourceTree = "<group>";
		};
		85AB885FB00FEBF2A193FE18 /* DesignSystem */ = {
			isa = PBXGroup;
			children = (
				062CE7B0F760EAAFC70C508D /* GlassSurface.swift */,
				A8E2C000CE338B84C7364907 /* HumIcons.swift */,
				EB0281C517D1566178F0F91F /* Motion.swift */,
				A90ECF4BF3CD0F4DA159A112 /* Palette.swift */,
				6E913401B4B21C8A9B79D715 /* Spacing.swift */,
				49C3EBE417A36FD4B37EECF4 /* Typography.swift */,
			);
			path = DesignSystem;
			sourceTree = "<group>";
		};
		86E36787672DB4E7175A232D /* Reducers */ = {
			isa = PBXGroup;
			children = (
				0A41BF096D3046001453C9CB /* AuthReducer.swift */,
				DABAA15E95222695B69E39E4 /* QueueReducer.swift */,
				C464AD378944295B4B04B405 /* SubscriptionReducer.swift */,
			);
			path = Reducers;
			sourceTree = "<group>";
		};
		A53A049C9F7FA6E37B926085 /* Adapters */ = {
			isa = PBXGroup;
			children = (
				7E0BC959B56D85B113098655 /* ApplicationMusicPlayerAdapter.swift */,
				B9B1CF1CC893A2EA3A852694 /* MusicKitAuthorizationAdapter.swift */,
				349BDABB80265684106334FB /* MusicKitCatalogAdapter.swift */,
				0A79831AF0059BDD39A8AEFE /* MusicKitLibraryAdapter.swift */,
				6C907FCAAC79B68F2A33B1E4 /* MusicKitMapping.swift */,
				99C2357D111851F94CA0F380 /* MusicKitSubscriptionAdapter.swift */,
				11540B776084F538020586CE /* SubscriptionOfferAdapter.swift */,
			);
			path = Adapters;
			sourceTree = "<group>";
		};
		B7921655C4EA1F01193E4DC3 /* Root */ = {
			isa = PBXGroup;
			children = (
				3168CC44A6D284987AC2E55C /* RootGateView.swift */,
				6CB6044460B408251BAC0396 /* RootTabView.swift */,
			);
			path = Root;
			sourceTree = "<group>";
		};
		C74099FD9D6E51DA11F5E313 /* Fakes */ = {
			isa = PBXGroup;
			children = (
				DFC0CF7BA428150D3F67CFCF /* FakeServices.swift */,
			);
			path = Fakes;
			sourceTree = "<group>";
		};
		CF0FB181AE83392A7AEBEF79 /* Queue */ = {
			isa = PBXGroup;
			children = (
				81E59E95295945D6DB192484 /* QueueView.swift */,
			);
			path = Queue;
			sourceTree = "<group>";
		};
		D27750097EFB24086B003C30 /* Settings */ = {
			isa = PBXGroup;
			children = (
				89BA15EE1D8994D0FB57EC20 /* SettingsView.swift */,
			);
			path = Settings;
			sourceTree = "<group>";
		};
		D4034E1999852952D23B0BE9 /* Features */ = {
			isa = PBXGroup;
			children = (
				83731BEDB56C7F6BE9854287 /* Components */,
				2E46796A8158D6DC3358A1C6 /* Connect */,
				2992AC139DADF46310D52899 /* Detail */,
				5C1266F0C3C85D73FD125F37 /* Home */,
				D65F0EB5CD2AFC387C0B3415 /* Library */,
				E2B578B8C78E35F138BFFB55 /* NowPlaying */,
				CF0FB181AE83392A7AEBEF79 /* Queue */,
				B7921655C4EA1F01193E4DC3 /* Root */,
				2E774237E20B9DE6B32251F8 /* Search */,
				D27750097EFB24086B003C30 /* Settings */,
			);
			path = Features;
			sourceTree = "<group>";
		};
		D65F0EB5CD2AFC387C0B3415 /* Library */ = {
			isa = PBXGroup;
			children = (
				883507AC0A7B437C313BF49C /* LibraryView.swift */,
			);
			path = Library;
			sourceTree = "<group>";
		};
		E2B578B8C78E35F138BFFB55 /* NowPlaying */ = {
			isa = PBXGroup;
			children = (
				CB835F41C36E619AEB29106E /* NowPlayingView.swift */,
				1561889AD3FA3C48D8D4708E /* PlayerViewModel.swift */,
				1B6A687CF3CFC0E020BE6AED /* SystemAudioControls.swift */,
			);
			path = NowPlaying;
			sourceTree = "<group>";
		};
		EC37C591380B261DBFA9C1A3 = {
			isa = PBXGroup;
			children = (
				2466CBFA7F6058B855E105FB /* Config */,
				5DD1BC51EAE231D9678DB63A /* Hum */,
				18B33C3A5178C17CE0252257 /* HumTests */,
				29D56469BE5BD99BC98C480E /* Products */,
			);
			sourceTree = "<group>";
		};
		F887F123D926F71C75F38777 /* Preview */ = {
			isa = PBXGroup;
			children = (
				B0D8EB10CF6046D391777EE6 /* PreviewServices.swift */,
			);
			path = Preview;
			sourceTree = "<group>";
		};
/* End PBXGroup section */

/* Begin PBXNativeTarget section */
		96CDAA50EFF0BD557C4FF6CA /* Hum */ = {
			isa = PBXNativeTarget;
			buildConfigurationList = 9FB4C839BA5910B3D70D01DA /* Build configuration list for PBXNativeTarget "Hum" */;
			buildPhases = (
				A108812C2E6E89B2503A2BF8 /* Architectural containment checks */,
				50763A2020DFB5477DB203AE /* Sources */,
				08CBB9D1181671BFB0100B0F /* Resources */,
			);
			buildRules = (
			);
			dependencies = (
			);
			name = Hum;
			packageProductDependencies = (
			);
			productName = Hum;
			productReference = 303E43A4A02BCD68126EEBF4 /* Hum.app */;
			productType = "com.apple.product-type.application";
		};
		E35100EF9C25B8903B826110 /* HumTests */ = {
			isa = PBXNativeTarget;
			buildConfigurationList = EC02558C2B86E520D1AA1887 /* Build configuration list for PBXNativeTarget "HumTests" */;
			buildPhases = (
				DA1D199C3F1455426479B386 /* Sources */,
			);
			buildRules = (
			);
			dependencies = (
				D7BA40B982652C5640A6CF32 /* PBXTargetDependency */,
			);
			name = HumTests;
			packageProductDependencies = (
			);
			productName = HumTests;
			productReference = 043A0D2ABA7AB095399FEF08 /* HumTests.xctest */;
			productType = "com.apple.product-type.bundle.unit-test";
		};
/* End PBXNativeTarget section */

/* Begin PBXProject section */
		5F3950D01F218EDD18D961AA /* Project object */ = {
			isa = PBXProject;
			attributes = {
				BuildIndependentTargetsInParallel = YES;
				LastUpgradeCheck = 1430;
				TargetAttributes = {
					96CDAA50EFF0BD557C4FF6CA = {
						DevelopmentTeam = CYY72W5P5F;
						ProvisioningStyle = Automatic;
					};
				};
			};
			buildConfigurationList = BCD1133527D6BEC05E497070 /* Build configuration list for PBXProject "HumApp" */;
			developmentRegion = en;
			hasScannedForEncodings = 0;
			knownRegions = (
				Base,
				en,
			);
			mainGroup = EC37C591380B261DBFA9C1A3;
			minimizedProjectReferenceProxies = 1;
			preferredProjectObjectVersion = 77;
			productRefGroup = 29D56469BE5BD99BC98C480E /* Products */;
			projectDirPath = "";
			projectRoot = "";
			targets = (
				96CDAA50EFF0BD557C4FF6CA /* Hum */,
				E35100EF9C25B8903B826110 /* HumTests */,
			);
		};
/* End PBXProject section */

/* Begin PBXResourcesBuildPhase section */
		08CBB9D1181671BFB0100B0F /* Resources */ = {
			isa = PBXResourcesBuildPhase;
			buildActionMask = 2147483647;
			files = (
				D41023C952DB4168D9512D8A /* Assets.xcassets in Resources */,
			);
			runOnlyForDeploymentPostprocessing = 0;
		};
/* End PBXResourcesBuildPhase section */

/* Begin PBXShellScriptBuildPhase section */
		A108812C2E6E89B2503A2BF8 /* Architectural containment checks */ = {
			isa = PBXShellScriptBuildPhase;
			alwaysOutOfDate = 1;
			buildActionMask = 2147483647;
			files = (
			);
			inputFileListPaths = (
			);
			inputPaths = (
			);
			name = "Architectural containment checks";
			outputFileListPaths = (
			);
			outputPaths = (
				"$(DERIVED_FILE_DIR)/containment-check-never-exists",
			);
			runOnlyForDeploymentPostprocessing = 0;
			shellPath = /bin/sh;
			shellScript = "\"$SRCROOT/Scripts/check-containment.sh\"";
		};
/* End PBXShellScriptBuildPhase section */

/* Begin PBXSourcesBuildPhase section */
		50763A2020DFB5477DB203AE /* Sources */ = {
			isa = PBXSourcesBuildPhase;
			buildActionMask = 2147483647;
			files = (
				DA7DC0E52711F9DF0AD15259 /* AppEnvironment.swift in Sources */,
				DB4676C830EA0461E91681E6 /* ApplicationMusicPlayerAdapter.swift in Sources */,
				6B765015BD0BFBC383487F7A /* ArtworkView.swift in Sources */,
				94C28518BFF99BD91D45FA25 /* AuthReducer.swift in Sources */,
				8CABF044C22F85F7375F6F14 /* AuthState.swift in Sources */,
				6488DC7D1E4B75781CE98BA0 /* AuthViewModel.swift in Sources */,
				EEF17378B688EACEEC1025D0 /* ConnectView.swift in Sources */,
				ED8122B999AD5C7F51B89162 /* ContentSource.swift in Sources */,
				25212604BCD55337F7395DFF /* DetailView.swift in Sources */,
				16BECD34D0485EC75A072B54 /* DetailViewModel.swift in Sources */,
				DC2D706EFBA87F80192821B2 /* EmptyStateView.swift in Sources */,
				8DAF98A39192BB5CE1C8D8B7 /* GlassSurface.swift in Sources */,
				9F63409F5E9667BD175A4447 /* HomeView.swift in Sources */,
				2C725A8E133F303E18249C62 /* HomeViewModel.swift in Sources */,
				6ED01D8F95C7AF7516C3BC9B /* HumApp.swift in Sources */,
				7261C379952A49DDB9B24C04 /* HumButtons.swift in Sources */,
				D067410226E1093EE89493DE /* HumCollection.swift in Sources */,
				341F35889AFA0F74DE8AC17F /* HumError.swift in Sources */,
				590B5F818A3CEF9F23D22504 /* HumIcons.swift in Sources */,
				200E995AC023797346DC1DD3 /* HumTrack.swift in Sources */,
				CBF3FE43457151CCC3042A5D /* LibraryView.swift in Sources */,
				6A7716D602BF2F239140A1B2 /* Motion.swift in Sources */,
				8DB9472CAA48F107F0C7B13D /* MusicAuthorizationService.swift in Sources */,
				1D0567BD03E69F28C9FDA69F /* MusicCatalogService.swift in Sources */,
				795DD7F0099E051BED3824B9 /* MusicKitAuthorizationAdapter.swift in Sources */,
				96F6F04CB3D84E96DC43E3AB /* MusicKitCatalogAdapter.swift in Sources */,
				69EB77B465D292DB5AEF6BAD /* MusicKitLibraryAdapter.swift in Sources */,
				8FA462CEA62108049BF1E27F /* MusicKitMapping.swift in Sources */,
				3F111AB5E5C3581B8D96741F /* MusicKitSubscriptionAdapter.swift in Sources */,
				040E4C906C200000D22D8CD1 /* MusicLibraryService.swift in Sources */,
				2A261AB282EED63FBAD95D4F /* NowPlayingView.swift in Sources */,
				8092D20353E3D9D614F072F3 /* Palette.swift in Sources */,
				BD9238D0ED09C342B1BD7FE4 /* PlaybackService.swift in Sources */,
				780A2D02BF39AD5FA2E272AE /* PlaybackState.swift in Sources */,
				B8437E5A55E961D11663128C /* PlayerBar.swift in Sources */,
				F725BF2A08BB10524D2638AC /* PlayerViewModel.swift in Sources */,
				02A3C4B4F13DB0E1596E9154 /* PreviewServices.swift in Sources */,
				BC4BC16E25C97706C493F1A6 /* QueueReducer.swift in Sources */,
				70444D94CE77F242E3CBF716 /* QueueState.swift in Sources */,
				5BA0093B6BE5520FB3B81F23 /* QueueView.swift in Sources */,
				DCD0D2FE0815D4E5064E010F /* RootGateView.swift in Sources */,
				F22866686297767E134132C4 /* RootTabView.swift in Sources */,
				D83F002012A0D79DFE4CA36B /* SearchView.swift in Sources */,
				6BCCCC6AB0110D7931A600F9 /* SettingsView.swift in Sources */,
				20E471D373CAFCBFE6FDC969 /* Spacing.swift in Sources */,
				BC01BB731C51BEA3495C2080 /* SubscriptionGapView.swift in Sources */,
				E692196225B6A4A9FC718391 /* SubscriptionOfferAdapter.swift in Sources */,
				4EBF3F2A00557C9045A358E8 /* SubscriptionReducer.swift in Sources */,
				3FB6A6232D0EC54DD5617442 /* SubscriptionService.swift in Sources */,
				BE1D1CCC693F3B1FD30D6142 /* SubscriptionState.swift in Sources */,
				5CD17B8F6D1A9A66E19ABC1C /* SystemAudioControls.swift in Sources */,
				D43F6080629D67315290EBEF /* TimeFormatting.swift in Sources */,
				AAE51FEC164618A758BF8936 /* TrackRow.swift in Sources */,
				71175B1A6BA556620523E018 /* Typography.swift in Sources */,
			);
			runOnlyForDeploymentPostprocessing = 0;
		};
		DA1D199C3F1455426479B386 /* Sources */ = {
			isa = PBXSourcesBuildPhase;
			buildActionMask = 2147483647;
			files = (
				F41BB718F3BE34C92187DB64 /* AuthReducerTests.swift in Sources */,
				C48D7F472CB5F229ECD6DCE2 /* AuthViewModelTests.swift in Sources */,
				AF71E00E89E7F1A293B64D5A /* FakeServices.swift in Sources */,
				1E2E6DDF762734B442B782E6 /* PlaybackSessionTests.swift in Sources */,
				DCC1DD6A0C09BE3844554EF8 /* QueueReducerTests.swift in Sources */,
				BCEF24214DD10A7EC29BAF16 /* SubscriptionGateTests.swift in Sources */,
				FD3A670F65BD773526F0EFE9 /* SubscriptionReducerTests.swift in Sources */,
			);
			runOnlyForDeploymentPostprocessing = 0;
		};
/* End PBXSourcesBuildPhase section */

/* Begin PBXTargetDependency section */
		D7BA40B982652C5640A6CF32 /* PBXTargetDependency */ = {
			isa = PBXTargetDependency;
			target = 96CDAA50EFF0BD557C4FF6CA /* Hum */;
			targetProxy = A5DDF58FE519258EBB5D7518 /* PBXContainerItemProxy */;
		};
/* End PBXTargetDependency section */

/* Begin XCBuildConfiguration section */
		287567D2ACD693F543408ADA /* Release */ = {
			isa = XCBuildConfiguration;
			buildSettings = {
				ALWAYS_SEARCH_USER_PATHS = NO;
				CLANG_ANALYZER_NONNULL = YES;
				CLANG_ANALYZER_NUMBER_OBJECT_CONVERSION = YES_AGGRESSIVE;
				CLANG_CXX_LANGUAGE_STANDARD = "gnu++14";
				CLANG_CXX_LIBRARY = "libc++";
				CLANG_ENABLE_MODULES = YES;
				CLANG_ENABLE_OBJC_ARC = YES;
				CLANG_ENABLE_OBJC_WEAK = YES;
				CLANG_WARN_BLOCK_CAPTURE_AUTORELEASING = YES;
				CLANG_WARN_BOOL_CONVERSION = YES;
				CLANG_WARN_COMMA = YES;
				CLANG_WARN_CONSTANT_CONVERSION = YES;
				CLANG_WARN_DEPRECATED_OBJC_IMPLEMENTATIONS = YES;
				CLANG_WARN_DIRECT_OBJC_ISA_USAGE = YES_ERROR;
				CLANG_WARN_DOCUMENTATION_COMMENTS = YES;
				CLANG_WARN_EMPTY_BODY = YES;
				CLANG_WARN_ENUM_CONVERSION = YES;
				CLANG_WARN_INFINITE_RECURSION = YES;
				CLANG_WARN_INT_CONVERSION = YES;
				CLANG_WARN_NON_LITERAL_NULL_CONVERSION = YES;
				CLANG_WARN_OBJC_IMPLICIT_RETAIN_SELF = YES;
				CLANG_WARN_OBJC_LITERAL_CONVERSION = YES;
				CLANG_WARN_OBJC_ROOT_CLASS = YES_ERROR;
				CLANG_WARN_QUOTED_INCLUDE_IN_FRAMEWORK_HEADER = YES;
				CLANG_WARN_RANGE_LOOP_ANALYSIS = YES;
				CLANG_WARN_STRICT_PROTOTYPES = YES;
				CLANG_WARN_SUSPICIOUS_MOVE = YES;
				CLANG_WARN_UNGUARDED_AVAILABILITY = YES_AGGRESSIVE;
				CLANG_WARN_UNREACHABLE_CODE = YES;
				CLANG_WARN__DUPLICATE_METHOD_MATCH = YES;
				COPY_PHASE_STRIP = NO;
				DEAD_CODE_STRIPPING = YES;
				DEBUG_INFORMATION_FORMAT = "dwarf-with-dsym";
				ENABLE_NS_ASSERTIONS = NO;
				ENABLE_STRICT_OBJC_MSGSEND = YES;
				ENABLE_USER_SCRIPT_SANDBOXING = NO;
				GCC_C_LANGUAGE_STANDARD = gnu11;
				GCC_NO_COMMON_BLOCKS = YES;
				GCC_TREAT_WARNINGS_AS_ERRORS = YES;
				GCC_WARN_64_TO_32_BIT_CONVERSION = YES;
				GCC_WARN_ABOUT_RETURN_TYPE = YES_ERROR;
				GCC_WARN_UNDECLARED_SELECTOR = YES;
				GCC_WARN_UNINITIALIZED_AUTOS = YES_AGGRESSIVE;
				GCC_WARN_UNUSED_FUNCTION = YES;
				GCC_WARN_UNUSED_VARIABLE = YES;
				IPHONEOS_DEPLOYMENT_TARGET = 26.0;
				MTL_ENABLE_DEBUG_INFO = NO;
				MTL_FAST_MATH = YES;
				PRODUCT_NAME = "$(TARGET_NAME)";
				SDKROOT = iphoneos;
				SWIFT_COMPILATION_MODE = wholemodule;
				SWIFT_DEFAULT_ACTOR_ISOLATION = nonisolated;
				SWIFT_OPTIMIZATION_LEVEL = "-O";
				SWIFT_STRICT_CONCURRENCY = complete;
				SWIFT_TREAT_WARNINGS_AS_ERRORS = YES;
				SWIFT_VERSION = 6.0;
			};
			name = Release;
		};
		4D6AE334EFAF048BC1CD6B28 /* Debug */ = {
			isa = XCBuildConfiguration;
			baseConfigurationReference = E69B3A91E5510DF6ED207AED /* Signing.xcconfig */;
			buildSettings = {
				ASSETCATALOG_COMPILER_APPICON_NAME = AppIcon;
				ASSETCATALOG_COMPILER_GLOBAL_ACCENT_COLOR_NAME = AccentColor;
				CODE_SIGN_IDENTITY = "iPhone Developer";
				CODE_SIGN_STYLE = Automatic;
				ENABLE_PREVIEWS = YES;
				INFOPLIST_FILE = Hum/Info.plist;
				LD_RUNPATH_SEARCH_PATHS = (
					"$(inherited)",
					"@executable_path/Frameworks",
				);
				PRODUCT_BUNDLE_IDENTIFIER = org.surajshetty.humapp;
				PRODUCT_NAME = Hum;
				SDKROOT = iphoneos;
				TARGETED_DEVICE_FAMILY = "1,2";
			};
			name = Debug;
		};
		72E37E6D011D7B6175808C5D /* Release */ = {
			isa = XCBuildConfiguration;
			baseConfigurationReference = E69B3A91E5510DF6ED207AED /* Signing.xcconfig */;
			buildSettings = {
				ASSETCATALOG_COMPILER_APPICON_NAME = AppIcon;
				ASSETCATALOG_COMPILER_GLOBAL_ACCENT_COLOR_NAME = AccentColor;
				CODE_SIGN_IDENTITY = "iPhone Developer";
				CODE_SIGN_STYLE = Automatic;
				ENABLE_PREVIEWS = YES;
				INFOPLIST_FILE = Hum/Info.plist;
				LD_RUNPATH_SEARCH_PATHS = (
					"$(inherited)",
					"@executable_path/Frameworks",
				);
				PRODUCT_BUNDLE_IDENTIFIER = org.surajshetty.humapp;
				PRODUCT_NAME = Hum;
				SDKROOT = iphoneos;
				TARGETED_DEVICE_FAMILY = "1,2";
			};
			name = Release;
		};
		A0282DEEF69DC2AE9D5ECF67 /* Debug */ = {
			isa = XCBuildConfiguration;
			buildSettings = {
				BUNDLE_LOADER = "$(TEST_HOST)";
				CODE_SIGNING_ALLOWED = NO;
				GENERATE_INFOPLIST_FILE = YES;
				LD_RUNPATH_SEARCH_PATHS = (
					"$(inherited)",
					"@executable_path/Frameworks",
					"@loader_path/Frameworks",
				);
				PRODUCT_BUNDLE_IDENTIFIER = org.surajshetty.humapp.tests;
				SDKROOT = iphoneos;
				TARGETED_DEVICE_FAMILY = "1,2";
				TEST_HOST = "$(BUILT_PRODUCTS_DIR)/Hum.app/Hum";
			};
			name = Debug;
		};
		C7E7EE5229D1C0CD14DA6B06 /* Release */ = {
			isa = XCBuildConfiguration;
			buildSettings = {
				BUNDLE_LOADER = "$(TEST_HOST)";
				CODE_SIGNING_ALLOWED = NO;
				GENERATE_INFOPLIST_FILE = YES;
				LD_RUNPATH_SEARCH_PATHS = (
					"$(inherited)",
					"@executable_path/Frameworks",
					"@loader_path/Frameworks",
				);
				PRODUCT_BUNDLE_IDENTIFIER = org.surajshetty.humapp.tests;
				SDKROOT = iphoneos;
				TARGETED_DEVICE_FAMILY = "1,2";
				TEST_HOST = "$(BUILT_PRODUCTS_DIR)/Hum.app/Hum";
			};
			name = Release;
		};
		CD54E5676AAC5D8EF8F71AC0 /* Debug */ = {
			isa = XCBuildConfiguration;
			buildSettings = {
				ALWAYS_SEARCH_USER_PATHS = NO;
				CLANG_ANALYZER_NONNULL = YES;
				CLANG_ANALYZER_NUMBER_OBJECT_CONVERSION = YES_AGGRESSIVE;
				CLANG_CXX_LANGUAGE_STANDARD = "gnu++14";
				CLANG_CXX_LIBRARY = "libc++";
				CLANG_ENABLE_MODULES = YES;
				CLANG_ENABLE_OBJC_ARC = YES;
				CLANG_ENABLE_OBJC_WEAK = YES;
				CLANG_WARN_BLOCK_CAPTURE_AUTORELEASING = YES;
				CLANG_WARN_BOOL_CONVERSION = YES;
				CLANG_WARN_COMMA = YES;
				CLANG_WARN_CONSTANT_CONVERSION = YES;
				CLANG_WARN_DEPRECATED_OBJC_IMPLEMENTATIONS = YES;
				CLANG_WARN_DIRECT_OBJC_ISA_USAGE = YES_ERROR;
				CLANG_WARN_DOCUMENTATION_COMMENTS = YES;
				CLANG_WARN_EMPTY_BODY = YES;
				CLANG_WARN_ENUM_CONVERSION = YES;
				CLANG_WARN_INFINITE_RECURSION = YES;
				CLANG_WARN_INT_CONVERSION = YES;
				CLANG_WARN_NON_LITERAL_NULL_CONVERSION = YES;
				CLANG_WARN_OBJC_IMPLICIT_RETAIN_SELF = YES;
				CLANG_WARN_OBJC_LITERAL_CONVERSION = YES;
				CLANG_WARN_OBJC_ROOT_CLASS = YES_ERROR;
				CLANG_WARN_QUOTED_INCLUDE_IN_FRAMEWORK_HEADER = YES;
				CLANG_WARN_RANGE_LOOP_ANALYSIS = YES;
				CLANG_WARN_STRICT_PROTOTYPES = YES;
				CLANG_WARN_SUSPICIOUS_MOVE = YES;
				CLANG_WARN_UNGUARDED_AVAILABILITY = YES_AGGRESSIVE;
				CLANG_WARN_UNREACHABLE_CODE = YES;
				CLANG_WARN__DUPLICATE_METHOD_MATCH = YES;
				COPY_PHASE_STRIP = NO;
				DEAD_CODE_STRIPPING = YES;
				DEBUG_INFORMATION_FORMAT = dwarf;
				ENABLE_STRICT_OBJC_MSGSEND = YES;
				ENABLE_TESTABILITY = YES;
				ENABLE_USER_SCRIPT_SANDBOXING = NO;
				GCC_C_LANGUAGE_STANDARD = gnu11;
				GCC_DYNAMIC_NO_PIC = NO;
				GCC_NO_COMMON_BLOCKS = YES;
				GCC_OPTIMIZATION_LEVEL = 0;
				GCC_PREPROCESSOR_DEFINITIONS = (
					"$(inherited)",
					"DEBUG=1",
				);
				GCC_TREAT_WARNINGS_AS_ERRORS = YES;
				GCC_WARN_64_TO_32_BIT_CONVERSION = YES;
				GCC_WARN_ABOUT_RETURN_TYPE = YES_ERROR;
				GCC_WARN_UNDECLARED_SELECTOR = YES;
				GCC_WARN_UNINITIALIZED_AUTOS = YES_AGGRESSIVE;
				GCC_WARN_UNUSED_FUNCTION = YES;
				GCC_WARN_UNUSED_VARIABLE = YES;
				IPHONEOS_DEPLOYMENT_TARGET = 26.0;
				MTL_ENABLE_DEBUG_INFO = INCLUDE_SOURCE;
				MTL_FAST_MATH = YES;
				ONLY_ACTIVE_ARCH = YES;
				PRODUCT_NAME = "$(TARGET_NAME)";
				SDKROOT = iphoneos;
				SWIFT_ACTIVE_COMPILATION_CONDITIONS = DEBUG;
				SWIFT_DEFAULT_ACTOR_ISOLATION = nonisolated;
				SWIFT_OPTIMIZATION_LEVEL = "-Onone";
				SWIFT_STRICT_CONCURRENCY = complete;
				SWIFT_TREAT_WARNINGS_AS_ERRORS = YES;
				SWIFT_VERSION = 6.0;
			};
			name = Debug;
		};
/* End XCBuildConfiguration section */

/* Begin XCConfigurationList section */
		9FB4C839BA5910B3D70D01DA /* Build configuration list for PBXNativeTarget "Hum" */ = {
			isa = XCConfigurationList;
			buildConfigurations = (
				4D6AE334EFAF048BC1CD6B28 /* Debug */,
				72E37E6D011D7B6175808C5D /* Release */,
			);
			defaultConfigurationIsVisible = 0;
			defaultConfigurationName = Debug;
		};
		BCD1133527D6BEC05E497070 /* Build configuration list for PBXProject "HumApp" */ = {
			isa = XCConfigurationList;
			buildConfigurations = (
				CD54E5676AAC5D8EF8F71AC0 /* Debug */,
				287567D2ACD693F543408ADA /* Release */,
			);
			defaultConfigurationIsVisible = 0;
			defaultConfigurationName = Debug;
		};
		EC02558C2B86E520D1AA1887 /* Build configuration list for PBXNativeTarget "HumTests" */ = {
			isa = XCConfigurationList;
			buildConfigurations = (
				A0282DEEF69DC2AE9D5ECF67 /* Debug */,
				C7E7EE5229D1C0CD14DA6B06 /* Release */,
			);
			defaultConfigurationIsVisible = 0;
			defaultConfigurationName = Debug;
		};
/* End XCConfigurationList section */
	};
	rootObject = 5F3950D01F218EDD18D961AA /* Project object */;
}
